
Microsoft Visual Studio Solution File, Format Version 12.00
# Visual Studio Version 17
VisualStudioVersion = 17.2.32630.192
MinimumVisualStudioVersion = 10.0.40219.1
Project("{9A19103F-16F7-4668-BE54-9A1E7A4F7556}") = "WTR.API", "WTR.API\WTR.API.csproj", "{21D50470-019A-48B9-B16F-BDDC9197AA9E}"
EndProject
Project("{2150E333-8FDC-42A3-9474-1A3956D46DE8}") = "src", "src", "{B2C0CB6B-FDC1-4DD3-93DC-6E705B9ACA94}"
EndProject
Project("{2150E333-8FDC-42A3-9474-1A3956D46DE8}") = "Core", "Core", "{532C405F-C134-4283-8778-B4DA6F992DB9}"
EndProject
Project("{2150E333-8FDC-42A3-9474-1A3956D46DE8}") = "Presentation", "Presentation", "{E5B6BB34-FA41-4958-84BC-DCA9FD58E010}"
EndProject
Project("{2150E333-8FDC-42A3-9474-1A3956D46DE8}") = "Infrastructure", "Infrastructure", "{63464F70-456F-4DD8-B422-49BDAAB7B634}"
EndProject
Project("{9A19103F-16F7-4668-BE54-9A1E7A4F7556}") = "WTR.Domain", "WTR.Domain\WTR.Domain.csproj", "{061E65F6-4853-4C82-B199-0D2133129DC6}"
EndProject
Project("{9A19103F-16F7-4668-BE54-9A1E7A4F7556}") = "WTR.Business", "WTR.Business\WTR.Business.csproj", "{0407C6E6-60A0-479A-B99D-CDB7ECA1C006}"
EndProject
Project("{9A19103F-16F7-4668-BE54-9A1E7A4F7556}") = "WTR.DataAccess", "WTR.DataAccess\WTR.DataAccess.csproj", "{EDF34423-4269-4BDE-BCE7-AE93AE778E07}"
EndProject
Project("{9A19103F-16F7-4668-BE54-9A1E7A4F7556}") = "WTR.Infrastructure", "WTR.Infrastructure\WTR.Infrastructure.csproj", "{7CE13661-8D05-4593-BC43-401E31290138}"
EndProject
Project("{2150E333-8FDC-42A3-9474-1A3956D46DE8}") = "Test", "Test", "{F1C675FE-E043-4F84-A0C9-BDE3ABD223D2}"
EndProject
Project("{9A19103F-16F7-4668-BE54-9A1E7A4F7556}") = "WTR.Business.OpenWeatherMapProvider", "WTR.Business.OpenWeaterMap\WTR.Business.OpenWeatherMapProvider.csproj", "{63538D3D-A225-4212-915C-6AFAF1C1382A}"
EndProject
Project("{9A19103F-16F7-4668-BE54-9A1E7A4F7556}") = "WTR.Abstraction", "WTR.Abstraction\WTR.Abstraction.csproj", "{DC784EEA-AB15-4FB0-9AA9-4AD987889307}"
EndProject
Project("{9A19103F-16F7-4668-BE54-9A1E7A4F7556}") = "WTR.Tests", "WTR.Tests\WTR.Tests.csproj", "{84C8C98E-DBBE-4272-BB2A-BAFB9D8CC8B6}"
EndProject
Project("{9A19103F-16F7-4668-BE54-9A1E7A4F7556}") = "WTR.ExceptionDomain", "WTR.Exception\WTR.ExceptionDomain.csproj", "{132B36E4-0761-4771-9790-9533397B7BAC}"
EndProject
Global
	GlobalSection(SolutionConfigurationPlatforms) = preSolution
		Debug|Any CPU = Debug|Any CPU
		Release|Any CPU = Release|Any CPU
	EndGlobalSection
	GlobalSection(ProjectConfigurationPlatforms) = postSolution
		{21D50470-019A-48B9-B16F-BDDC9197AA9E}.Debug|Any CPU.ActiveCfg = Debug|Any CPU
		{21D50470-019A-48B9-B16F-BDDC9197AA9E}.Debug|Any CPU.Build.0 = Debug|Any CPU
		{21D50470-019A-48B9-B16F-BDDC9197AA9E}.Release|Any CPU.ActiveCfg = Release|Any CPU
		{21D50470-019A-48B9-B16F-BDDC9197AA9E}.Release|Any CPU.Build.0 = Release|Any CPU
		{061E65F6-4853-4C82-B199-0D2133129DC6}.Debug|Any CPU.ActiveCfg = Debug|Any CPU
		{061E65F6-4853-4C82-B199-0D2133129DC6}.Debug|Any CPU.Build.0 = Debug|Any CPU
		{061E65F6-4853-4C82-B199-0D2133129DC6}.Release|Any CPU.ActiveCfg = Release|Any CPU
		{061E65F6-4853-4C82-B199-0D2133129DC6}.Release|Any CPU.Build.0 = Release|Any CPU
		{0407C6E6-60A0-479A-B99D-CDB7ECA1C006}.Debug|Any CPU.ActiveCfg = Debug|Any CPU
		{0407C6E6-60A0-479A-B99D-CDB7ECA1C006}.Debug|Any CPU.Build.0 = Debug|Any CPU
		{0407C6E6-60A0-479A-B99D-CDB7ECA1C006}.Release|Any CPU.ActiveCfg = Release|Any CPU
		{0407C6E6-60A0-479A-B99D-CDB7ECA1C006}.Release|Any CPU.Build.0 = Release|Any CPU
		{EDF34423-4269-4BDE-BCE7-AE93AE778E07}.Debug|Any CPU.ActiveCfg = Debug|Any CPU
		{EDF34423-4269-4BDE-BCE7-AE93AE778E07}.Debug|Any CPU.Build.0 = Debug|Any CPU
		{EDF34423-4269-4BDE-BCE7-AE93AE778E07}.Release|Any CPU.ActiveCfg = Release|Any CPU
		{EDF34423-4269-4BDE-BCE7-AE93AE778E07}.Release|Any CPU.Build.0 = Release|Any CPU
		{7CE13661-8D05-4593-BC43-401E31290138}.Debug|Any CPU.ActiveCfg = Debug|Any CPU
		{7CE13661-8D05-4593-BC43-401E31290138}.Debug|Any CPU.Build.0 = Debug|Any CPU
		{7CE13661-8D05-4593-BC43-401E31290138}.Release|Any CPU.ActiveCfg = Release|Any CPU
		{7CE13661-8D05-4593-BC43-401E31290138}.Release|Any CPU.Build.0 = Release|Any CPU
		{63538D3D-A225-4212-915C-6AFAF1C1382A}.Debug|Any CPU.ActiveCfg = Debug|Any CPU
		{63538D3D-A225-4212-915C-6AFAF1C1382A}.Debug|Any CPU.Build.0 = Debug|Any CPU
		{63538D3D-A225-4212-915C-6AFAF1C1382A}.Release|Any CPU.ActiveCfg = Release|Any CPU
		{63538D3D-A225-4212-915C-6AFAF1C1382A}.Release|Any CPU.Build.0 = Release|Any CPU
		{DC784EEA-AB15-4FB0-9AA9-4AD987889307}.Debug|Any CPU.ActiveCfg = Debug|Any CPU
		{DC784EEA-AB15-4FB0-9AA9-4AD987889307}.Debug|Any CPU.Build.0 = Debug|Any CPU
		{DC784EEA-AB15-4FB0-9AA9-4AD987889307}.Release|Any CPU.ActiveCfg = Release|Any CPU
		{DC784EEA-AB15-4FB0-9AA9-4AD987889307}.Release|Any CPU.Build.0 = Release|Any CPU
		{84C8C98E-DBBE-4272-BB2A-BAFB9D8CC8B6}.Debug|Any CPU.ActiveCfg = Debug|Any CPU
		{84C8C98E-DBBE-4272-BB2A-BAFB9D8CC8B6}.Debug|Any CPU.Build.0 = Debug|Any CPU
		{84C8C98E-DBBE-4272-BB2A-BAFB9D8CC8B6}.Release|Any CPU.ActiveCfg = Release|Any CPU
		{84C8C98E-DBBE-4272-BB2A-BAFB9D8CC8B6}.Release|Any CPU.Build.0 = Release|Any CPU
		{132B36E4-0761-4771-9790-9533397B7BAC}.Debug|Any CPU.ActiveCfg = Debug|Any CPU
		{132B36E4-0761-4771-9790-9533397B7BAC}.Debug|Any CPU.Build.0 = Debug|Any CPU
		{132B36E4-0761-4771-9790-9533397B7BAC}.Release|Any CPU.ActiveCfg = Release|Any CPU
		{132B36E4-0761-4771-9790-9533397B7BAC}.Release|Any CPU.Build.0 = Release|Any CPU
	EndGlobalSection
	GlobalSection(SolutionProperties) = preSolution
		HideSolutionNode = FALSE
	EndGlobalSection
	GlobalSection(NestedProjects) = preSolution
		{21D50470-019A-48B9-B16F-BDDC9197AA9E} = {E5B6BB34-FA41-4958-84BC-DCA9FD58E010}
		{532C405F-C134-4283-8778-B4DA6F992DB9} = {B2C0CB6B-FDC1-4DD3-93DC-6E705B9ACA94}
		{E5B6BB34-FA41-4958-84BC-DCA9FD58E010} = {B2C0CB6B-FDC1-4DD3-93DC-6E705B9ACA94}
		{63464F70-456F-4DD8-B422-49BDAAB7B634} = {B2C0CB6B-FDC1-4DD3-93DC-6E705B9ACA94}
		{061E65F6-4853-4C82-B199-0D2133129DC6} = {532C405F-C134-4283-8778-B4DA6F992DB9}
		{0407C6E6-60A0-479A-B99D-CDB7ECA1C006} = {532C405F-C134-4283-8778-B4DA6F992DB9}
		{EDF34423-4269-4BDE-BCE7-AE93AE778E07} = {532C405F-C134-4283-8778-B4DA6F992DB9}
		{7CE13661-8D05-4593-BC43-401E31290138} = {63464F70-456F-4DD8-B422-49BDAAB7B634}
		{F1C675FE-E043-4F84-A0C9-BDE3ABD223D2} = {B2C0CB6B-FDC1-4DD3-93DC-6E705B9ACA94}
		{63538D3D-A225-4212-915C-6AFAF1C1382A} = {532C405F-C134-4283-8778-B4DA6F992DB9}
		{DC784EEA-AB15-4FB0-9AA9-4AD987889307} = {532C405F-C134-4283-8778-B4DA6F992DB9}
		{84C8C98E-DBBE-4272-BB2A-BAFB9D8CC8B6} = {F1C675FE-E043-4F84-A0C9-BDE3ABD223D2}
		{132B36E4-0761-4771-9790-9533397B7BAC} = {532C405F-C134-4283-8778-B4DA6F992DB9}
	EndGlobalSection
	GlobalSection(ExtensibilityGlobals) = postSolution
		SolutionGuid = {F75180C1-2281-4339-9725-A9C1D1F655CB}
	EndGlobalSection
EndGlobal
